
Microsoft Visual Studio Solution File, Format Version 12.00
# Visual Studio Version 16
VisualStudioVersion = 16.0.31515.178
MinimumVisualStudioVersion = 10.0.40219.1
Project("{FAE04EC0-301F-11D3-BF4B-00C04F79EFBC}") = "MinesweeperGame.Models", "MinesweeperGame.Models\MinesweeperGame.Models.csproj", "{1619E46F-9002-43B7-812A-104DB526EAE4}"
EndProject
Project("{FAE04EC0-301F-11D3-BF4B-00C04F79EFBC}") = "MinesweeperGame.UI", "MinesweeperGame.UI\MinesweeperGame.UI.csproj", "{1206F091-ABA2-4C0E-9E28-E670F2487663}"
EndProject
Global
	GlobalSection(SolutionConfigurationPlatforms) = preSolution
		Debug|Any CPU = Debug|Any CPU
		Release|Any CPU = Release|Any CPU
	EndGlobalSection
	GlobalSection(ProjectConfigurationPlatforms) = postSolution
		{1619E46F-9002-43B7-812A-104DB526EAE4}.Debug|Any CPU.ActiveCfg = Debug|Any CPU
		{1619E46F-9002-43B7-812A-104DB526EAE4}.Debug|Any CPU.Build.0 = Debug|Any CPU
		{1619E46F-9002-43B7-812A-104DB526EAE4}.Release|Any CPU.ActiveCfg = Release|Any CPU
		{1619E46F-9002-43B7-812A-104DB526EAE4}.Release|Any CPU.Build.0 = Release|Any CPU
		{1206F091-ABA2-4C0E-9E28-E670F2487663}.Debug|Any CPU.ActiveCfg = Debug|Any CPU
		{1206F091-ABA2-4C0E-9E28-E670F2487663}.Debug|Any CPU.Build.0 = Debug|Any CPU
		{1206F091-ABA2-4C0E-9E28-E670F2487663}.Release|Any CPU.ActiveCfg = Release|Any CPU
		{1206F091-ABA2-4C0E-9E28-E670F2487663}.Release|Any CPU.Build.0 = Release|Any CPU
	EndGlobalSection
	GlobalSection(SolutionProperties) = preSolution
		HideSolutionNode = FALSE
	EndGlobalSection
	GlobalSection(ExtensibilityGlobals) = postSolution
		SolutionGuid = {ECFD7BFE-279B-4A16-918C-D63B41E1A9CD}
	EndGlobalSection
EndGlobal
